
Microsoft Visual Studio Solution File, Format Version 12.00
# Visual Studio Version 17
VisualStudioVersion = 17.8.34511.84
MinimumVisualStudioVersion = 10.0.40219.1
Project("{9A19103F-16F7-4668-BE54-9A1E7A4F7556}") = "BookStore.Entities", "BookStore.Entities\BookStore.Entities.csproj", "{ABCE8C4E-A2BE-4932-8852-130F77AE4790}"
EndProject
Project("{9A19103F-16F7-4668-BE54-9A1E7A4F7556}") = "BookStore.Panel", "BookStore.Panel\BookStore.Panel.csproj", "{B66C7094-F4DF-490A-ABE8-CCE61C16D45D}"
EndProject
Project("{FAE04EC0-301F-11D3-BF4B-00C04F79EFBC}") = "BookStore.WebSite", "BookStore.WebSite\BookStore.WebSite.csproj", "{5B6284FC-A43F-49C1-A1F8-F1A0D1D8ABE0}"
EndProject
Global
	GlobalSection(SolutionConfigurationPlatforms) = preSolution
		Debug|Any CPU = Debug|Any CPU
		Release|Any CPU = Release|Any CPU
	EndGlobalSection
	GlobalSection(ProjectConfigurationPlatforms) = postSolution
		{ABCE8C4E-A2BE-4932-8852-130F77AE4790}.Debug|Any CPU.ActiveCfg = Debug|Any CPU
		{ABCE8C4E-A2BE-4932-8852-130F77AE4790}.Debug|Any CPU.Build.0 = Debug|Any CPU
		{ABCE8C4E-A2BE-4932-8852-130F77AE4790}.Release|Any CPU.ActiveCfg = Release|Any CPU
		{ABCE8C4E-A2BE-4932-8852-130F77AE4790}.Release|Any CPU.Build.0 = Release|Any CPU
		{B66C7094-F4DF-490A-ABE8-CCE61C16D45D}.Debug|Any CPU.ActiveCfg = Debug|Any CPU
		{B66C7094-F4DF-490A-ABE8-CCE61C16D45D}.Debug|Any CPU.Build.0 = Debug|Any CPU
		{B66C7094-F4DF-490A-ABE8-CCE61C16D45D}.Release|Any CPU.ActiveCfg = Release|Any CPU
		{B66C7094-F4DF-490A-ABE8-CCE61C16D45D}.Release|Any CPU.Build.0 = Release|Any CPU
		{5B6284FC-A43F-49C1-A1F8-F1A0D1D8ABE0}.Debug|Any CPU.ActiveCfg = Debug|Any CPU
		{5B6284FC-A43F-49C1-A1F8-F1A0D1D8ABE0}.Debug|Any CPU.Build.0 = Debug|Any CPU
		{5B6284FC-A43F-49C1-A1F8-F1A0D1D8ABE0}.Release|Any CPU.ActiveCfg = Release|Any CPU
		{5B6284FC-A43F-49C1-A1F8-F1A0D1D8ABE0}.Release|Any CPU.Build.0 = Release|Any CPU
	EndGlobalSection
	GlobalSection(SolutionProperties) = preSolution
		HideSolutionNode = FALSE
	EndGlobalSection
	GlobalSection(ExtensibilityGlobals) = postSolution
		SolutionGuid = {D1DF9345-2458-4842-A0F2-3B5A2C83E2FB}
	EndGlobalSection
EndGlobal
